{
  "lockfile_version": "1",
  "packages": {
    "awscli2@latest": {
      "last_modified": "2024-09-03T04:23:05Z",
      "resolved": "github:NixOS/nixpkgs/45508c1098a3fb7140ae3d86414cee8f5ee7511c#awscli2",
      "source": "devbox-search",
      "version": "2.17.42",
      "systems": {
        "aarch64-darwin": {
          "outputs": [
            {
              "name": "out",
              "path": "/nix/store/hsz1pmgrm5dqcrdc9q23j76j5sjs4lbf-awscli2-2.17.42",
              "default": true
            },
            {
              "name": "dist",
              "path": "/nix/store/28adv1y9r53ga8mzlnwxgkbg7aqp3h61-awscli2-2.17.42-dist"
            }
          ],
          "store_path": "/nix/store/hsz1pmgrm5dqcrdc9q23j76j5sjs4lbf-awscli2-2.17.42"
        },
        "aarch64-linux": {
          "outputs": [
            {
              "name": "out",
              "path": "/nix/store/a6cl7s0cnyjkjh4n66l5rix05v5hnc2p-awscli2-2.17.42",
              "default": true
            },
            {
              "name": "dist",
              "path": "/nix/store/pq0v0j35x96fqgj9shl7i7k35amw2ka4-awscli2-2.17.42-dist"
            }
          ],
          "store_path": "/nix/store/a6cl7s0cnyjkjh4n66l5rix05v5hnc2p-awscli2-2.17.42"
        },
        "x86_64-darwin": {
          "outputs": [
            {
              "name": "out",
              "path": "/nix/store/wip7j1h4f5vp0bzn9y4hvmxg3jrridd2-awscli2-2.17.42",
              "default": true
            },
            {
              "name": "dist",
              "path": "/nix/store/02wa06snc6gbzjqzhyj085pcwb7snsm3-awscli2-2.17.42-dist"
            }
          ],
          "store_path": "/nix/store/wip7j1h4f5vp0bzn9y4hvmxg3jrridd2-awscli2-2.17.42"
        },
        "x86_64-linux": {
          "outputs": [
            {
              "path": "/nix/store/8v9wzddf8mxp42ly7mq8ymfddlflwvqk-awscli2-2.17.42",
              "default": true
            }
          ],
          "store_path": "/nix/store/8v9wzddf8mxp42ly7mq8ymfddlflwvqk-awscli2-2.17.42"
        }
      }
    },
    "jdk@21+35": {
      "last_modified": "2024-06-12T20:55:33Z",
      "resolved": "github:NixOS/nixpkgs/a9858885e197f984d92d7fe64e9fff6b2e488d40#jdk",
      "source": "devbox-search",
      "version": "21+35",
      "systems": {
        "aarch64-linux": {
          "outputs": [
            {
              "name": "out",
              "path": "/nix/store/f7risq9mlz4gywxr65v46h4mv1a4a0s3-openjdk-21+35",
              "default": true
            },
            {
              "name": "debug",
              "path": "/nix/store/lgljxsffciqlijp38iklrh1ki5vi0y4f-openjdk-21+35-debug"
            }
          ],
          "store_path": "/nix/store/f7risq9mlz4gywxr65v46h4mv1a4a0s3-openjdk-21+35"
        },
        "x86_64-linux": {
          "outputs": [
            {
              "path": "/nix/store/bk3x3ia7gxqic1jgr3dz05gwi8zw671y-openjdk-21+35",
              "default": true
            }
          ],
          "store_path": "/nix/store/bk3x3ia7gxqic1jgr3dz05gwi8zw671y-openjdk-21+35"
        }
      }
    },
    "jetbrains.idea-community@latest": {
      "last_modified": "2024-09-03T13:22:53Z",
      "resolved": "github:NixOS/nixpkgs/8b4061fd60ccc3b3f44b73faa7c983eacf7a6f7b#jetbrains.idea-community",
      "source": "devbox-search",
      "version": "2024.2.1",
      "systems": {
        "aarch64-darwin": {
          "outputs": [
            {
              "name": "out",
              "path": "/nix/store/gmjydnf4vsxnfbmzsp2ly1gzbwgqz2aj-idea-community-2024.2.1",
              "default": true
            }
          ],
          "store_path": "/nix/store/gmjydnf4vsxnfbmzsp2ly1gzbwgqz2aj-idea-community-2024.2.1"
        },
        "aarch64-linux": {
          "outputs": [
            {
              "name": "out",
              "path": "/nix/store/a74wzxs4mzmwm9si8cg68n2gdjpcsafi-idea-community-2024.2.1",
              "default": true
            }
          ],
          "store_path": "/nix/store/a74wzxs4mzmwm9si8cg68n2gdjpcsafi-idea-community-2024.2.1"
        },
        "x86_64-darwin": {
          "outputs": [
            {
              "name": "out",
              "path": "/nix/store/036dbnw2pgaql47wv1b6icag8kjbhpjc-idea-community-2024.2.1",
              "default": true
            }
          ],
          "store_path": "/nix/store/036dbnw2pgaql47wv1b6icag8kjbhpjc-idea-community-2024.2.1"
        },
        "x86_64-linux": {
          "outputs": [
            {
              "path": "/nix/store/1cylbx7qcl9x63fk766glx111vfjsr6d-idea-community-2024.2.1",
              "default": true
            }
          ],
          "store_path": "/nix/store/1cylbx7qcl9x63fk766glx111vfjsr6d-idea-community-2024.2.1"
        }
      }
    },
    "maven@latest": {
      "last_modified": "2024-08-31T10:12:23Z",
      "resolved": "github:NixOS/nixpkgs/5629520edecb69630a3f4d17d3d33fc96c13f6fe#maven",
      "source": "devbox-search",
      "version": "3.9.8",
      "systems": {
        "aarch64-darwin": {
          "outputs": [
            {
              "name": "out",
              "path": "/nix/store/8wah8hjip50lynr56837yxykqm1cd7v4-maven-3.9.8",
              "default": true
            }
          ],
          "store_path": "/nix/store/8wah8hjip50lynr56837yxykqm1cd7v4-maven-3.9.8"
        },
        "aarch64-linux": {
          "outputs": [
            {
              "name": "out",
              "path": "/nix/store/h5mjalyjx318yl616s6pi8kcpsc5qnzd-maven-3.9.8",
              "default": true
            }
          ],
          "store_path": "/nix/store/h5mjalyjx318yl616s6pi8kcpsc5qnzd-maven-3.9.8"
        },
        "x86_64-darwin": {
          "outputs": [
            {
              "name": "out",
              "path": "/nix/store/lgv80w5356yqf56cgs0f4hb7p5g2ngda-maven-3.9.8",
              "default": true
            }
          ],
          "store_path": "/nix/store/lgv80w5356yqf56cgs0f4hb7p5g2ngda-maven-3.9.8"
        },
        "x86_64-linux": {
          "outputs": [
            {
              "path": "/nix/store/n5izdxg15m4gn17k3inpbi565hc06b8x-maven-3.9.8",
              "default": true
            }
          ],
          "store_path": "/nix/store/n5izdxg15m4gn17k3inpbi565hc06b8x-maven-3.9.8"
        }
      }
    },
    "postgresql@latest": {
      "last_modified": "2024-09-05T02:32:14Z",
      "plugin_version": "0.0.2",
      "resolved": "github:NixOS/nixpkgs/fcb54ddcc974cff59bdfb7c1ac9e080299763d2d#postgresql",
      "source": "devbox-search",
      "version": "16.4",
      "systems": {
        "aarch64-darwin": {
          "outputs": [
            {
              "name": "out",
              "path": "/nix/store/4xs8m764256kn9hr2m9nfv4nhzcs876i-postgresql-16.4",
              "default": true
            },
            {
              "name": "man",
              "path": "/nix/store/sga8v7kf4r50lp5pmylsavvrb2jn9b1i-postgresql-16.4-man",
              "default": true
            },
            {
              "name": "doc",
              "path": "/nix/store/vvq5zc10jg57cjky6xdc4z53bzzvv2k7-postgresql-16.4-doc"
            },
            {
              "name": "lib",
              "path": "/nix/store/cq2lfr6m71ppmx4v8vdjj2qbv5r7f8bv-postgresql-16.4-lib"
            }
          ],
          "store_path": "/nix/store/4xs8m764256kn9hr2m9nfv4nhzcs876i-postgresql-16.4"
        },
        "aarch64-linux": {
          "outputs": [
            {
              "name": "out",
              "path": "/nix/store/aaphlis1flanaskw54vwzy0383dcinmm-postgresql-16.4",
              "default": true
            },
            {
              "name": "man",
              "path": "/nix/store/wrscx3x20gv830ksy41xpyxpdab7g64q-postgresql-16.4-man",
              "default": true
            },
            {
              "name": "debug",
              "path": "/nix/store/a2v8ji7rsmc7bhnw09wz4zbprfxd1bsh-postgresql-16.4-debug"
            },
            {
              "name": "doc",
              "path": "/nix/store/zvhdzrpdx0bdhj59bhcnr17csq4sm5ad-postgresql-16.4-doc"
            },
            {
              "name": "lib",
              "path": "/nix/store/w0m8i8x3gviq0jf986a298z9jx03alix-postgresql-16.4-lib"
            }
          ],
          "store_path": "/nix/store/aaphlis1flanaskw54vwzy0383dcinmm-postgresql-16.4"
        },
        "x86_64-darwin": {
          "outputs": [
            {
              "name": "out",
              "path": "/nix/store/qcgnc3vfiq94fsn07y6hjf00rx6g7hx0-postgresql-16.4",
              "default": true
            },
            {
              "name": "man",
              "path": "/nix/store/xn3wqkgs1n2fxghczxasam7gc6ig0q42-postgresql-16.4-man",
              "default": true
            },
            {
              "name": "lib",
              "path": "/nix/store/6rgrvr20s3q1cx6f5lamdqlxqvxd9263-postgresql-16.4-lib"
            },
            {
              "name": "doc",
              "path": "/nix/store/h9gr53mxkd9dsabw2migk25bbd2bh6aw-postgresql-16.4-doc"
            }
          ],
          "store_path": "/nix/store/qcgnc3vfiq94fsn07y6hjf00rx6g7hx0-postgresql-16.4"
        },
        "x86_64-linux": {
          "outputs": [
            {
              "name": "man",
              "path": "/nix/store/dzm8il4j20xpcvqwf8z0rgnqhsq3wgdz-postgresql-16.4-man",
              "default": true
            },
            {
              "path": "/nix/store/w11g7nvm4h1ph7kjq6c4cxna3yppsn2v-postgresql-16.4",
              "default": true
            }
          ],
          "store_path": "/nix/store/w11g7nvm4h1ph7kjq6c4cxna3yppsn2v-postgresql-16.4"
        }
      }
    }
  }
}
