{
  "lockfile_version": "1",
  "packages": {
    "awscli2@latest": {
      "last_modified": "2024-03-25T21:25:22Z",
      "resolved": "github:NixOS/nixpkgs/07262b18b97000d16a4bdb003418bd2fb067a932#awscli2",
      "source": "devbox-search",
      "version": "2.15.32",
      "systems": {
        "aarch64-darwin": {
          "store_path": "/nix/store/z9zmm6sfrnj4md7i2xwi0rmanqig1pr1-awscli2-2.15.32"
        },
        "aarch64-linux": {
          "store_path": "/nix/store/gl6b818xrg5syvzw683nhpf6im6km5d2-awscli2-2.15.32"
        },
        "x86_64-darwin": {
          "store_path": "/nix/store/zwjhyr8kqna43l12y3kamx7lx94kpk9h-awscli2-2.15.32"
        },
        "x86_64-linux": {
          "store_path": "/nix/store/k8g2inndsrzg55sz6v0nh8i8wfhgzd6y-awscli2-2.15.32"
        }
      }
    },
    "jdk@21+35": {
      "last_modified": "2024-03-22T11:26:23Z",
      "resolved": "github:NixOS/nixpkgs/a3ed7406349a9335cb4c2a71369b697cecd9d351#jdk",
      "source": "devbox-search",
      "version": "21+35",
      "systems": {
        "aarch64-linux": {
          "store_path": "/nix/store/8887zd03gyis7dsz8fwnlcrgp2mkgprl-openjdk-21+35"
        },
        "x86_64-linux": {
          "store_path": "/nix/store/z8vw8741qs89v0fslnyddrjg2nlmzamj-openjdk-21+35"
        }
      }
    },
    "jetbrains.idea-community@latest": {
      "last_modified": "2024-03-25T12:46:37Z",
      "resolved": "github:NixOS/nixpkgs/c726225724e681b3626acc941c6f95d2b0602087#jetbrains.idea-community",
      "source": "devbox-search",
      "version": "2023.3.5",
      "systems": {
        "aarch64-darwin": {
          "store_path": "/nix/store/p35s12c7xq6qsys8qy0w1lhp8k5iqaad-idea-community-2023.3.5"
        },
        "aarch64-linux": {
          "store_path": "/nix/store/fn9n19ld9i1aq2n002y1lx6r1zx7qmb8-idea-community-2023.3.5"
        },
        "x86_64-darwin": {
          "store_path": "/nix/store/8qz38kxzzi08l4m3bvw2175dwpsh9l27-idea-community-2023.3.5"
        },
        "x86_64-linux": {
          "store_path": "/nix/store/v93iz44x3krf7drzd39jak96fi29cnf7-idea-community-2023.3.5"
        }
      }
    },
    "maven@latest": {
      "last_modified": "2024-03-22T11:26:23Z",
      "resolved": "github:NixOS/nixpkgs/a3ed7406349a9335cb4c2a71369b697cecd9d351#maven",
      "source": "devbox-search",
      "version": "3.9.6",
      "systems": {
        "aarch64-darwin": {
          "store_path": "/nix/store/0nqg520l3i11hzkbb6ws6i6jkpaqdqp7-apache-maven-3.9.6"
        },
        "aarch64-linux": {
          "store_path": "/nix/store/bjggvjn78xjazk370ynx2gy582rqgdf8-apache-maven-3.9.6"
        },
        "x86_64-darwin": {
          "store_path": "/nix/store/1mxga40yfvjvhsxr9z3hychg49f0gn95-apache-maven-3.9.6"
        },
        "x86_64-linux": {
          "store_path": "/nix/store/ncvq15byzjpgvjq2mf7kxx89khx64ifn-apache-maven-3.9.6"
        }
      }
    },
    "postgresql@latest": {
      "last_modified": "2024-04-19T17:36:04-04:00",
      "plugin_version": "0.0.2",
      "resolved": "github:NixOS/nixpkgs/92d295f588631b0db2da509f381b4fb1e74173c5#postgresql",
      "source": "devbox-search",
      "version": "15.6",
      "systems": {
        "aarch64-darwin": {
          "outputs": [
            {
              "name": "out",
              "path": "/nix/store/p6rdsp4l4zsskjp1isabzk5wgx03jbcm-postgresql-15.6",
              "default": true
            },
            {
              "name": "man",
              "path": "/nix/store/4fnirk8fas6v4mcd3444606f6pm4ahnk-postgresql-15.6-man",
              "default": true
            },
            {
              "name": "doc",
              "path": "/nix/store/if8jnkir8vwzb0ad67kkpiyvg1v4pj48-postgresql-15.6-doc"
            },
            {
              "name": "lib",
              "path": "/nix/store/brv3m22siw1903dzcb54fdpm9rnhym2c-postgresql-15.6-lib"
            }
          ],
          "store_path": "/nix/store/p6rdsp4l4zsskjp1isabzk5wgx03jbcm-postgresql-15.6"
        },
        "aarch64-linux": {
          "outputs": [
            {
              "name": "out",
              "path": "/nix/store/c4p9zl4rndm9nk928bzkyvp1s0dnylih-postgresql-15.6",
              "default": true
            },
            {
              "name": "man",
              "path": "/nix/store/b3qkggagn62i524qgj7s1r1bddxw9n0a-postgresql-15.6-man",
              "default": true
            },
            {
              "name": "debug",
              "path": "/nix/store/3xv7ivxa60kqnbh7jxnmw9350zj2adba-postgresql-15.6-debug"
            },
            {
              "name": "doc",
              "path": "/nix/store/68kphjssv9bwnals2winm5smvnrmmclg-postgresql-15.6-doc"
            },
            {
              "name": "lib",
              "path": "/nix/store/3clj5nbm5xqbqy3gc73ic0mkvbx8kh78-postgresql-15.6-lib"
            }
          ],
          "store_path": "/nix/store/c4p9zl4rndm9nk928bzkyvp1s0dnylih-postgresql-15.6"
        },
        "x86_64-darwin": {
          "outputs": [
            {
              "name": "out",
              "path": "/nix/store/5mi45gr9l12hc6gjj3a5vh4rc684y896-postgresql-15.6",
              "default": true
            },
            {
              "name": "man",
              "path": "/nix/store/fgw3a3ssbyxrpk9hhhffnajai4vc2m8f-postgresql-15.6-man",
              "default": true
            },
            {
              "name": "doc",
              "path": "/nix/store/i07s3b1a4jr700xwky8v2vzvn98314z0-postgresql-15.6-doc"
            },
            {
              "name": "lib",
              "path": "/nix/store/wd2bcvrfhcxr14pzrvrvivz6b8akdr2i-postgresql-15.6-lib"
            }
          ],
          "store_path": "/nix/store/5mi45gr9l12hc6gjj3a5vh4rc684y896-postgresql-15.6"
        },
        "x86_64-linux": {
          "outputs": [
            {
              "name": "out",
              "path": "/nix/store/x57rfwyv6cl87dsd5894rh69cyw1d6bq-postgresql-15.6",
              "default": true
            },
            {
              "name": "man",
              "path": "/nix/store/3pvfwb6ms1py83mhnjzi8vzsh23id1wx-postgresql-15.6-man",
              "default": true
            },
            {
              "name": "debug",
              "path": "/nix/store/pshx68gnrqfpz6kpbncsxjkm1y82dfbv-postgresql-15.6-debug"
            },
            {
              "name": "doc",
              "path": "/nix/store/j0329mb6h3p4mjprgjfl4mhdspkvbzi6-postgresql-15.6-doc"
            },
            {
              "name": "lib",
              "path": "/nix/store/644gkr5795widx5xl8wl0r4bzh7baish-postgresql-15.6-lib"
            }
          ],
          "store_path": "/nix/store/x57rfwyv6cl87dsd5894rh69cyw1d6bq-postgresql-15.6"
        }
      }
    }
  }
}
